
Microsoft Visual Studio Solution File, Format Version 12.00
# Visual Studio 15
VisualStudioVersion = 15.0.27130.2027
MinimumVisualStudioVersion = 10.0.40219.1
Project("{FAE04EC0-301F-11D3-BF4B-00C04F79EFBC}") = "GUIayer", "quanlibanhangaoquan\GUIayer.csproj", "{89999654-4C4A-4A07-9362-65A682572DF2}"
EndProject
Project("{FAE04EC0-301F-11D3-BF4B-00C04F79EFBC}") = "BLL", "BLL\BLL.csproj", "{B8D012A9-AA4E-467A-8F8F-6F520EAD38C2}"
EndProject
Project("{FAE04EC0-301F-11D3-BF4B-00C04F79EFBC}") = "DAL", "DAL\DAL.csproj", "{64871A64-2B19-420F-8C08-94598921C842}"
EndProject
Global
	GlobalSection(SolutionConfigurationPlatforms) = preSolution
		Debug|Any CPU = Debug|Any CPU
		Release|Any CPU = Release|Any CPU
	EndGlobalSection
	GlobalSection(ProjectConfigurationPlatforms) = postSolution
		{89999654-4C4A-4A07-9362-65A682572DF2}.Debug|Any CPU.ActiveCfg = Debug|Any CPU
		{89999654-4C4A-4A07-9362-65A682572DF2}.Debug|Any CPU.Build.0 = Debug|Any CPU
		{89999654-4C4A-4A07-9362-65A682572DF2}.Release|Any CPU.ActiveCfg = Release|Any CPU
		{89999654-4C4A-4A07-9362-65A682572DF2}.Release|Any CPU.Build.0 = Release|Any CPU
		{B8D012A9-AA4E-467A-8F8F-6F520EAD38C2}.Debug|Any CPU.ActiveCfg = Debug|Any CPU
		{B8D012A9-AA4E-467A-8F8F-6F520EAD38C2}.Debug|Any CPU.Build.0 = Debug|Any CPU
		{B8D012A9-AA4E-467A-8F8F-6F520EAD38C2}.Release|Any CPU.ActiveCfg = Release|Any CPU
		{B8D012A9-AA4E-467A-8F8F-6F520EAD38C2}.Release|Any CPU.Build.0 = Release|Any CPU
		{64871A64-2B19-420F-8C08-94598921C842}.Debug|Any CPU.ActiveCfg = Debug|Any CPU
		{64871A64-2B19-420F-8C08-94598921C842}.Debug|Any CPU.Build.0 = Debug|Any CPU
		{64871A64-2B19-420F-8C08-94598921C842}.Release|Any CPU.ActiveCfg = Release|Any CPU
		{64871A64-2B19-420F-8C08-94598921C842}.Release|Any CPU.Build.0 = Release|Any CPU
	EndGlobalSection
	GlobalSection(SolutionProperties) = preSolution
		HideSolutionNode = FALSE
	EndGlobalSection
	GlobalSection(ExtensibilityGlobals) = postSolution
		SolutionGuid = {F0177F87-4A7E-4840-9A1D-66A3B244DC4C}
	EndGlobalSection
EndGlobal
